dependencies:
- name: cert-manager
  repository: https://charts.jetstack.io
  version: v1.19.2
- name: cert-manager-approver-policy
  repository: https://charts.jetstack.io
  version: v0.23.0
- name: cert-manager-csi-driver-spiffe
  repository: https://charts.jetstack.io
  version: v0.11.0
- name: trust-manager
  repository: https://charts.jetstack.io
  version: v0.20.3
digest: sha256:713f83a6c3b0b64383a1222233280e3ddf1ce1eb880afa6dbbb36abd0a3a3938
generated: "2026-01-22T01:21:45.424952+02:00"
