dependencies:
- name: cert-manager
  repository: https://charts.jetstack.io
  version: v1.20.2
- name: cert-manager-approver-policy
  repository: https://charts.jetstack.io
  version: v0.27.0
- name: cert-manager-csi-driver-spiffe
  repository: https://charts.jetstack.io
  version: v0.12.0
- name: trust-manager
  repository: https://charts.jetstack.io
  version: v0.22.1
digest: sha256:010b403f6dfa47f31f76d415461e8fc1c5faf007cd95f47636192431a406c976
generated: "2026-08-26T21:29:20.570687699Z"
