dependencies:
- name: cert-manager
  repository: https://charts.jetstack.io
  version: v1.19.0
- name: cert-manager-approver-policy
  repository: https://charts.jetstack.io
  version: v0.22.1
- name: cert-manager-csi-driver-spiffe
  repository: https://charts.jetstack.io
  version: v0.10.1
digest: sha256:570d8f3b965138dbe4cc325331b11639ffb2277d7e102aeb4e51999996bd11db
generated: "2025-10-17T10:56:45.39012975Z"
