dependencies:
- name: argo-cd
  repository: https://argoproj.github.io/argo-helm
  version: 7.9.1
- name: argocd-apps
  repository: https://argoproj.github.io/argo-helm
  version: 2.0.2
- name: argocd-image-updater
  repository: https://argoproj.github.io/argo-helm
  version: 0.12.0
digest: sha256:1fd799da05232cf9e76251dac0404119eef0f0f8f1c47f7f7127c73088d1ff89
generated: "2025-05-06T03:08:08.249832172Z"
