dependencies:
- name: argo-cd
  repository: https://argoproj.github.io/argo-helm
  version: 8.0.14
- name: argocd-apps
  repository: https://argoproj.github.io/argo-helm
  version: 2.0.2
- name: argocd-image-updater
  repository: https://argoproj.github.io/argo-helm
  version: 0.12.0
digest: sha256:2a08d32137a83f1a13d3ad2ccf9152274afa4281cd4d6b7a085c5062e1c7d27b
generated: "2025-05-31T22:59:12.897488583Z"
