dependencies:
- name: argo-cd
  repository: https://argoproj.github.io/argo-helm
  version: 7.8.11
- name: argocd-apps
  repository: https://argoproj.github.io/argo-helm
  version: 2.0.2
- name: argocd-image-updater
  repository: https://argoproj.github.io/argo-helm
  version: 0.12.0
digest: sha256:d32eefb4e0a31d945809c05dbd6aeaa640384cd738362796ac85aada2d41a4a9
generated: "2025-03-15T13:38:45.905530054Z"
