dependencies:
- name: loki
  repository: https://grafana.github.io/helm-charts
  version: 6.28.0
- name: promtail
  repository: https://grafana.github.io/helm-charts
  version: 6.17.0
digest: sha256:758d5f407712b7a57de6931a61911efbfbce5972dfdd4f0b9866a9b8a51834b0
generated: "2025-05-31T22:48:20.916899879Z"
