dependencies:
- name: shortlink-template
  repository: file://../../../shortlink-template
  version: 0.9.6
- name: rabbitmq-cluster-operator
  repository: oci://registry-1.docker.io/bitnamicharts
  version: 4.4.32
digest: sha256:071189ee4cf7ff188617ac103527654271c73cece358e3bdbc8bcf49229f5f40
generated: "2025-08-14T03:48:11.785526862Z"
