dependencies:
- name: shortlink-template
  repository: oci://ghcr.io/shortlink-org/charts
  version: 0.12.1
- name: rabbitmq-cluster-operator
  repository: oci://registry-1.docker.io/bitnamicharts
  version: 4.4.34
digest: sha256:17b228179754a46a24c8c35d4fabca9d1bc627e0b1fbac49677d4eb57fc358fd
generated: "2026-02-01T01:54:39.250691156Z"
