dependencies:
- name: shortlink-template
  repository: file://../../../shortlink-template
  version: 0.9.6
- name: redis
  repository: oci://registry-1.docker.io/bitnamicharts
  version: 23.2.3
digest: sha256:0328d6706c0ac26b77ca83a3115383f9f4c5e0ddef8fdeb8ad5351a4b4a0bdae
generated: "2025-11-03T01:44:34.78254204Z"
