dependencies:
- name: shortlink-template
  repository: file://../../../shortlink-template
  version: 0.9.6
- name: redis
  repository: oci://registry-1.docker.io/bitnamicharts
  version: 23.2.5
digest: sha256:80d0d76ac2d51620075503d4855ff1988dcdb33ac160b921aa9b2d48560f47f0
generated: "2025-11-04T23:08:45.200955428Z"
