dependencies:
- name: loki
  repository: https://grafana.github.io/helm-charts
  version: 6.38.0
- name: promtail
  repository: https://grafana.github.io/helm-charts
  version: 6.17.0
digest: sha256:8b9676d14eb807572b145fe66db7dfba2940aa249269fd2b0969b3674fb85a9a
generated: "2025-08-28T06:59:02.025277731Z"
