dependencies:
- name: loki
  repository: https://grafana.github.io/helm-charts
  version: 6.46.0
- name: promtail
  repository: https://grafana.github.io/helm-charts
  version: 6.17.1
digest: sha256:6da8ab22e3e2f5ee5099874782542323ebb3811f7c6bc032e478243aee80f26a
generated: "2025-11-23T10:23:04.541471+03:00"
