dependencies:
- name: teleport-cluster
  repository: https://charts.releases.teleport.dev
  version: 18.6.4
- name: teleport-kube-agent
  repository: https://charts.releases.teleport.dev
  version: 18.6.6
- name: shortlink-template
  repository: oci://ghcr.io/shortlink-org/charts
  version: 0.12.1
digest: sha256:6fc7c51ca040ecf21155729c9739d46a835791b89b8c9305cfea3e854392310e
generated: "2026-02-03T06:00:31.443460446Z"
