dependencies:
- name: teleport-cluster
  repository: https://charts.releases.teleport.dev
  version: 18.6.4
- name: teleport-kube-agent
  repository: https://charts.releases.teleport.dev
  version: 18.6.8
- name: shortlink-template
  repository: oci://ghcr.io/shortlink-org/charts
  version: 0.12.1
digest: sha256:813886865ee479871be9faf807160597ae214f45fcb70a2eef9d3ae74c14958b
generated: "2026-02-12T17:29:11.636036192Z"
