dependencies:
- name: odd-platform
  repository: https://opendatadiscovery.github.io/charts
  version: 0.1.10
- name: postgresql
  repository: oci://registry-1.docker.io/bitnamicharts
  version: 16.7.8
digest: sha256:d4ca63e9da01eee2ccde49b7e84102afbf0d31576757c1f7b95c917d17d375ef
generated: "2025-05-30T22:32:53.533035643Z"
