dependencies:
- name: odd-platform
  repository: https://opendatadiscovery.github.io/charts
  version: 0.1.10
- name: postgresql
  repository: oci://registry-1.docker.io/bitnamicharts
  version: 16.7.9
digest: sha256:23e9ddee9e6b94a19ddb2cf779bf2f1bf3d47dd232f7da64fdd5725293d0de8e
generated: "2025-06-04T02:12:05.366420122Z"
