dependencies:
- name: kyverno
  repository: https://kyverno.github.io/kyverno
  version: 3.5.0
- name: policy-reporter
  repository: https://kyverno.github.io/policy-reporter
  version: 3.3.2
- name: kyverno-policies
  repository: https://kyverno.github.io/kyverno
  version: 3.5.1
digest: sha256:97a575fa2365803892eee2b0ccb2e39bf23f8636dabe22bc88e9407d6f0e5eaa
generated: "2025-08-15T14:37:36.591635035Z"
