dependencies:
- name: kyverno
  repository: https://kyverno.github.io/kyverno
  version: 3.3.7
- name: policy-reporter
  repository: https://kyverno.github.io/policy-reporter
  version: 3.1.4
- name: kyverno-policies
  repository: https://kyverno.github.io/kyverno
  version: 3.3.4
digest: sha256:7104105570bddedd6ca049c9b5cb0467b78102bdaaadd97b75d149c0b5e9088a
generated: "2025-05-31T22:47:48.661304811Z"
