dependencies:
- name: kyverno
  repository: https://kyverno.github.io/kyverno
  version: 3.4.2
- name: policy-reporter
  repository: https://kyverno.github.io/policy-reporter
  version: 3.1.4
- name: kyverno-policies
  repository: https://kyverno.github.io/kyverno
  version: 3.4.2
digest: sha256:b1a3f0bd4967fb3d4d7d6dafffed32367fd1adce00104bf90426661eb0de1af4
generated: "2025-06-04T01:25:11.302806787Z"
