dependencies:
- name: kratos
  repository: https://k8s.ory.sh/helm/charts
  version: 0.60.1
- name: shortlink-template
  repository: oci://ghcr.io/shortlink-org/charts
  version: 0.10.0
digest: sha256:84d12ca1f07aba8783824f3bec34e0294dd703286ea0cf757b331e1fde4d1068
generated: "2026-01-13T04:11:00.523497+03:00"
