dependencies:
- name: kratos
  repository: https://k8s.ory.sh/helm/charts
  version: 0.60.1
- name: shortlink-template
  repository: oci://ghcr.io/shortlink-org/charts
  version: 0.10.1
digest: sha256:02b0d6e7f273fe1e5651e7d0664ef28daee065d92443a9725f12ef9147919f53
generated: "2026-01-21T22:12:40.761728+02:00"
