dependencies:
- name: kratos
  repository: https://k8s.ory.sh/helm/charts
  version: 0.60.1
- name: shortlink-template
  repository: oci://ghcr.io/shortlink-org/charts
  version: 0.11.0
digest: sha256:775cf5022eb09987034ecb9b19d489314aae36d53a1d33a9ffa2c1cf2659197e
generated: "2026-01-22T00:13:10.553982+02:00"
