dependencies:
- name: odd-platform
  repository: https://opendatadiscovery.github.io/charts
  version: 0.1.10
- name: postgresql
  repository: oci://registry-1.docker.io/bitnamicharts
  version: 16.7.15
digest: sha256:13eee44ecf59f4b79064266b49656af2f6e2bb5ba57d3c1a724c0017db6b0cd3
generated: "2025-07-04T21:02:41.235099335Z"
