dependencies:
- name: pyroscope
  repository: https://grafana.github.io/helm-charts
  version: 1.14.1
- name: pyroscope-ebpf
  repository: https://pyroscope-io.github.io/helm-chart
  version: 0.1.31
digest: sha256:14d4cfb86a8b869cf160ddcfa4ca2efeb52ee03382904132299dda6f577e8f90
generated: "2025-07-30T21:24:43.558985+03:00"
