dependencies:
- name: shortlink-template
  repository: oci://ghcr.io/shortlink-org/charts
  version: 0.12.2
- name: rook-ceph
  repository: https://charts.rook.io/release
  version: v1.19.2
digest: sha256:f8d92264eab68529d6dee385d63deec7e281c2cca40df26f4fedec50e087c340
generated: "2026-02-26T12:26:00.387186683Z"
