dependencies:
- name: falco
  repository: https://falcosecurity.github.io/charts
  version: 6.2.5
- name: falco-exporter
  repository: https://falcosecurity.github.io/charts
  version: 0.12.2
digest: sha256:1e86258f0bffb138fb1282bc5a0e91648e789c8c24c62b0ab995d196570412f3
generated: "2025-08-14T10:22:29.965068654Z"
