dependencies:
- name: falco
  repository: https://falcosecurity.github.io/charts
  version: 6.4.0
- name: falco-exporter
  repository: https://falcosecurity.github.io/charts
  version: 0.12.2
digest: sha256:6681fd0365c266821ff9ecd424b83144eaa982cb5ad790f778c8889883ce243d
generated: "2025-10-09T20:38:16.244327311Z"
