dependencies:
- name: strimzi-kafka-operator
  repository: https://strimzi.io/charts/
  version: 0.46.0
- name: kafka-ui
  repository: https://kafbat.github.io/helm-charts
  version: 1.4.11
digest: sha256:5d8de302215e3618db9b31954d3a9d2f180b727dfea510b83118efcc4d4929e2
generated: "2025-05-31T22:50:42.280851088Z"
