dependencies:
- name: strimzi-kafka-operator
  repository: https://strimzi.io/charts/
  version: 1.0.0
- name: kafka-ui
  repository: https://kafbat.github.io/helm-charts
  version: 1.6.5
digest: sha256:7f33cc54c0fd0331aea6431a3d99c7863065dea3819f27958248c6ef183b3d1c
generated: "2026-08-29T14:48:44.560351918Z"
