dependencies:
- name: falco
  repository: https://falcosecurity.github.io/charts
  version: 5.0.0
- name: falco-exporter
  repository: https://falcosecurity.github.io/charts
  version: 0.12.2
digest: sha256:6aefca0ac0d3771d0850cecdc94937440eb813f4416be199b9d478245ca751dc
generated: "2025-05-31T23:00:10.101165852Z"
