dependencies:
- name: falco
  repository: https://falcosecurity.github.io/charts
  version: 4.21.1
- name: falco-exporter
  repository: https://falcosecurity.github.io/charts
  version: 0.12.2
digest: sha256:f5a424b7d39536168ea37b178dac483a78558bb178d6e7823f848c0a9d809f7f
generated: "2025-03-15T13:39:04.738040009Z"
