dependencies:
- name: oncall
  repository: https://grafana.github.io/helm-charts
  version: 1.16.5
- name: redis
  repository: oci://registry-1.docker.io/bitnamicharts
  version: 23.2.12
digest: sha256:d7c8ef6f04d9acbbe50fbda59549d9d48b01cd41d553b45e594dd5247c77ef8b
generated: "2025-11-18T13:24:43.768242+03:00"
