dependencies:
- name: oncall
  repository: https://grafana.github.io/helm-charts
  version: 1.16.5
- name: redis
  repository: oci://registry-1.docker.io/bitnamicharts
  version: 22.0.5
digest: sha256:1a9c8cebadfc7307222dd80063f883c7dbec33e5f6f00e2a8c8ee4113d55f457
generated: "2025-08-26T17:30:54.979896168Z"
